
Microsoft Visual Studio Solution File, Format Version 12.00
# Visual Studio Version 16
VisualStudioVersion = 16.0.30621.155
MinimumVisualStudioVersion = 10.0.40219.1
Project("{FAE04EC0-301F-11D3-BF4B-00C04F79EFBC}") = "Revision_and_PlayGround", "Revision_and_PlayGround\Revision_and_PlayGround.csproj", "{88FE5133-9152-418C-A920-AD2E76B148B2}"
EndProject
Global
	GlobalSection(SolutionConfigurationPlatforms) = preSolution
		Debug|Any CPU = Debug|Any CPU
		Release|Any CPU = Release|Any CPU
	EndGlobalSection
	GlobalSection(ProjectConfigurationPlatforms) = postSolution
		{88FE5133-9152-418C-A920-AD2E76B148B2}.Debug|Any CPU.ActiveCfg = Debug|Any CPU
		{88FE5133-9152-418C-A920-AD2E76B148B2}.Debug|Any CPU.Build.0 = Debug|Any CPU
		{88FE5133-9152-418C-A920-AD2E76B148B2}.Release|Any CPU.ActiveCfg = Release|Any CPU
		{88FE5133-9152-418C-A920-AD2E76B148B2}.Release|Any CPU.Build.0 = Release|Any CPU
	EndGlobalSection
	GlobalSection(SolutionProperties) = preSolution
		HideSolutionNode = FALSE
	EndGlobalSection
	GlobalSection(ExtensibilityGlobals) = postSolution
		SolutionGuid = {B3E65959-C3FC-48BA-BE1F-8F4929226D6E}
	EndGlobalSection
EndGlobal
